schema: '2.0'
stages:
  prepared_data:
    cmd: python src/stage_01_prepare.py
    deps:
    - path: configs/config.yaml
      md5: 2c9897a2caed3899199d97f19eb5bf1d
      size: 229
    - path: data/data.xml
      md5: a304afb96060aad90176268345e10355
      size: 37891850
    - path: src/stage_01_prepare.py
      md5: d526fdb209afa1d8ff052247207e8596
      size: 2069
    - path: src/utils/common.py
      md5: d162961d817182441383bdb0e674e685
      size: 675
    - path: src/utils/data_mgmt.py
      md5: e7a33affc6742683fe54fea3040c0eaa
      size: 947
    params:
      params.yaml:
        prepare.seed: 2021
        prepare.split: 0.2
    outs:
    - path: artifacts/prepared/test.tsv
      md5: 6af2e00fcd96ab64567b542e51592910
      size: 4311132
    - path: artifacts/prepared/train.tsv
      md5: efcdf3b3154aa0f0578726ac76b6540c
      size: 16706775
